PODS:
  - Alamofire (5.4.0)
  - OneSignal (3.1.0)
  - SPAlert (3.0.3)
  - STPopup (1.8.7)
  - SwiftLocation/BeaconBroadcaster (5.1.0):
    - SwiftLocation/Core
  - SwiftLocation/Core (5.1.0)
  - SwiftyJSON (4.3.0)

DEPENDENCIES:
  - Alamofire (~> 5.2)
  - OneSignal (< 4.0, >= 3.0.0)
  - SPAlert
  - STPopup
  - SwiftLocation/BeaconBroadcaster
  - SwiftLocation/Core
  - SwiftyJSON (~> 4.0)

SPEC REPOS:
  trunk:
    - Alamofire
    - OneSignal
    - SPAlert
    - STPopup
    - SwiftLocation
    - SwiftyJSON

SPEC CHECKSUMS:
  Alamofire: 3b6a534a3df22db367e4dedeeca73d1ddfcf0e2f
  OneSignal: a5853b3c7f7bce791353a15db019b5ccd5b8585b
  SPAlert: f01599d5224e93547cbb9364b2c42e88074644b9
  STPopup: a9045557bc48a0df51fbb7bf0544447c5fe84d34
  SwiftLocation: 83e0ea75a1969cee3a1197e2b7095603fc23fde5
  SwiftyJSON: 6faa0040f8b59dead0ee07436cbf76b73c08fd08

PODFILE CHECKSUM: 64ff994bdd2badc48b509125fb8c1d6e1e283ad3

COCOAPODS: 1.10.0
